
Microsoft Visual Studio Solution File, Format Version 12.00
# Visual Studio Version 17
VisualStudioVersion = 17.7.34031.279
MinimumVisualStudioVersion = 10.0.40219.1
Project("{8BC9CEB8-8B4A-11D0-8D11-00A0C91BC942}") = "6", "ConsoleApplication3\ConsoleApplication3.vcxproj", "{1F51A1D3-A03A-46CF-A0D3-61775BBCCF04}"
EndProject
Project("{8BC9CEB8-8B4A-11D0-8D11-00A0C91BC942}") = "2", "2\2.vcxproj", "{1552805E-2010-4733-9EE8-3E824D910118}"
EndProject
Project("{8BC9CEB8-8B4A-11D0-8D11-00A0C91BC942}") = "1", "1\1.vcxproj", "{B7E54BCA-6A72-4578-B965-E591A1F116B1}"
EndProject
Project("{8BC9CEB8-8B4A-11D0-8D11-00A0C91BC942}") = "3", "4\4.vcxproj", "{06D8E7BD-1A97-4658-BC03-C787C99D9DC5}"
EndProject
Project("{8BC9CEB8-8B4A-11D0-8D11-00A0C91BC942}") = "4", "5\5.vcxproj", "{A3944DED-5729-48B2-98C1-D08761F94ECC}"
EndProject
Project("{8BC9CEB8-8B4A-11D0-8D11-00A0C91BC942}") = "55", "55\55.vcxproj", "{8E55033B-ECAD-440E-8EF3-E645EF50DB65}"
EndProject
Project("{8BC9CEB8-8B4A-11D0-8D11-00A0C91BC942}") = "7", "7\7.vcxproj", "{A2C15106-0695-4860-ABA0-A0829CF77CC9}"
EndProject
Project("{8BC9CEB8-8B4A-11D0-8D11-00A0C91BC942}") = "8", "8\8.vcxproj", "{1C3D8B06-91FE-48D7-B75C-FF23D13FAF4E}"
EndProject
Project("{8BC9CEB8-8B4A-11D0-8D11-00A0C91BC942}") = "9", "9\9.vcxproj", "{20577BFD-D8F5-4448-9B1C-173D0E195216}"
EndProject
Project("{8BC9CEB8-8B4A-11D0-8D11-00A0C91BC942}") = "10", "10\10.vcxproj", "{7D2D980D-6B89-40E4-A909-4097F20EDEA5}"
EndProject
Project("{8BC9CEB8-8B4A-11D0-8D11-00A0C91BC942}") = "11", "11\11.vcxproj", "{F2E1BB2F-5C4E-452E-8E5F-C2FF0A27DB49}"
EndProject
Project("{8BC9CEB8-8B4A-11D0-8D11-00A0C91BC942}") = "12", "12\12.vcxproj", "{94256680-4F70-4A9A-B0FD-7CCA544A59B8}"
EndProject
Global
	GlobalSection(SolutionConfigurationPlatforms) = preSolution
		Debug|x64 = Debug|x64
		Debug|x86 = Debug|x86
		Release|x64 = Release|x64
		Release|x86 = Release|x86
	EndGlobalSection
	GlobalSection(ProjectConfigurationPlatforms) = postSolution
		{1F51A1D3-A03A-46CF-A0D3-61775BBCCF04}.Debug|x64.ActiveCfg = Debug|x64
		{1F51A1D3-A03A-46CF-A0D3-61775BBCCF04}.Debug|x64.Build.0 = Debug|x64
		{1F51A1D3-A03A-46CF-A0D3-61775BBCCF04}.Debug|x86.ActiveCfg = Debug|Win32
		{1F51A1D3-A03A-46CF-A0D3-61775BBCCF04}.Debug|x86.Build.0 = Debug|Win32
		{1F51A1D3-A03A-46CF-A0D3-61775BBCCF04}.Release|x64.ActiveCfg = Release|x64
		{1F51A1D3-A03A-46CF-A0D3-61775BBCCF04}.Release|x64.Build.0 = Release|x64
		{1F51A1D3-A03A-46CF-A0D3-61775BBCCF04}.Release|x86.ActiveCfg = Release|Win32
		{1F51A1D3-A03A-46CF-A0D3-61775BBCCF04}.Release|x86.Build.0 = Release|Win32
		{1552805E-2010-4733-9EE8-3E824D910118}.Debug|x64.ActiveCfg = Debug|x64
		{1552805E-2010-4733-9EE8-3E824D910118}.Debug|x64.Build.0 = Debug|x64
		{1552805E-2010-4733-9EE8-3E824D910118}.Debug|x86.ActiveCfg = Debug|Win32
		{1552805E-2010-4733-9EE8-3E824D910118}.Debug|x86.Build.0 = Debug|Win32
		{1552805E-2010-4733-9EE8-3E824D910118}.Release|x64.ActiveCfg = Release|x64
		{1552805E-2010-4733-9EE8-3E824D910118}.Release|x64.Build.0 = Release|x64
		{1552805E-2010-4733-9EE8-3E824D910118}.Release|x86.ActiveCfg = Release|Win32
		{1552805E-2010-4733-9EE8-3E824D910118}.Release|x86.Build.0 = Release|Win32
		{B7E54BCA-6A72-4578-B965-E591A1F116B1}.Debug|x64.ActiveCfg = Debug|x64
		{B7E54BCA-6A72-4578-B965-E591A1F116B1}.Debug|x64.Build.0 = Debug|x64
		{B7E54BCA-6A72-4578-B965-E591A1F116B1}.Debug|x86.ActiveCfg = Debug|Win32
		{B7E54BCA-6A72-4578-B965-E591A1F116B1}.Debug|x86.Build.0 = Debug|Win32
		{B7E54BCA-6A72-4578-B965-E591A1F116B1}.Release|x64.ActiveCfg = Release|x64
		{B7E54BCA-6A72-4578-B965-E591A1F116B1}.Release|x64.Build.0 = Release|x64
		{B7E54BCA-6A72-4578-B965-E591A1F116B1}.Release|x86.ActiveCfg = Release|Win32
		{B7E54BCA-6A72-4578-B965-E591A1F116B1}.Release|x86.Build.0 = Release|Win32
		{06D8E7BD-1A97-4658-BC03-C787C99D9DC5}.Debug|x64.ActiveCfg = Debug|x64
		{06D8E7BD-1A97-4658-BC03-C787C99D9DC5}.Debug|x64.Build.0 = Debug|x64
		{06D8E7BD-1A97-4658-BC03-C787C99D9DC5}.Debug|x86.ActiveCfg = Debug|Win32
		{06D8E7BD-1A97-4658-BC03-C787C99D9DC5}.Debug|x86.Build.0 = Debug|Win32
		{06D8E7BD-1A97-4658-BC03-C787C99D9DC5}.Release|x64.ActiveCfg = Release|x64
		{06D8E7BD-1A97-4658-BC03-C787C99D9DC5}.Release|x64.Build.0 = Release|x64
		{06D8E7BD-1A97-4658-BC03-C787C99D9DC5}.Release|x86.ActiveCfg = Release|Win32
		{06D8E7BD-1A97-4658-BC03-C787C99D9DC5}.Release|x86.Build.0 = Release|Win32
		{A3944DED-5729-48B2-98C1-D08761F94ECC}.Debug|x64.ActiveCfg = Debug|x64
		{A3944DED-5729-48B2-98C1-D08761F94ECC}.Debug|x64.Build.0 = Debug|x64
		{A3944DED-5729-48B2-98C1-D08761F94ECC}.Debug|x86.ActiveCfg = Debug|Win32
		{A3944DED-5729-48B2-98C1-D08761F94ECC}.Debug|x86.Build.0 = Debug|Win32
		{A3944DED-5729-48B2-98C1-D08761F94ECC}.Release|x64.ActiveCfg = Release|x64
		{A3944DED-5729-48B2-98C1-D08761F94ECC}.Release|x64.Build.0 = Release|x64
		{A3944DED-5729-48B2-98C1-D08761F94ECC}.Release|x86.ActiveCfg = Release|Win32
		{A3944DED-5729-48B2-98C1-D08761F94ECC}.Release|x86.Build.0 = Release|Win32
		{8E55033B-ECAD-440E-8EF3-E645EF50DB65}.Debug|x64.ActiveCfg = Debug|x64
		{8E55033B-ECAD-440E-8EF3-E645EF50DB65}.Debug|x64.Build.0 = Debug|x64
		{8E55033B-ECAD-440E-8EF3-E645EF50DB65}.Debug|x86.ActiveCfg = Debug|Win32
		{8E55033B-ECAD-440E-8EF3-E645EF50DB65}.Debug|x86.Build.0 = Debug|Win32
		{8E55033B-ECAD-440E-8EF3-E645EF50DB65}.Release|x64.ActiveCfg = Release|x64
		{8E55033B-ECAD-440E-8EF3-E645EF50DB65}.Release|x64.Build.0 = Release|x64
		{8E55033B-ECAD-440E-8EF3-E645EF50DB65}.Release|x86.ActiveCfg = Release|Win32
		{8E55033B-ECAD-440E-8EF3-E645EF50DB65}.Release|x86.Build.0 = Release|Win32
		{A2C15106-0695-4860-ABA0-A0829CF77CC9}.Debug|x64.ActiveCfg = Debug|x64
		{A2C15106-0695-4860-ABA0-A0829CF77CC9}.Debug|x64.Build.0 = Debug|x64
		{A2C15106-0695-4860-ABA0-A0829CF77CC9}.Debug|x86.ActiveCfg = Debug|Win32
		{A2C15106-0695-4860-ABA0-A0829CF77CC9}.Debug|x86.Build.0 = Debug|Win32
		{A2C15106-0695-4860-ABA0-A0829CF77CC9}.Release|x64.ActiveCfg = Release|x64
		{A2C15106-0695-4860-ABA0-A0829CF77CC9}.Release|x64.Build.0 = Release|x64
		{A2C15106-0695-4860-ABA0-A0829CF77CC9}.Release|x86.ActiveCfg = Release|Win32
		{A2C15106-0695-4860-ABA0-A0829CF77CC9}.Release|x86.Build.0 = Release|Win32
		{1C3D8B06-91FE-48D7-B75C-FF23D13FAF4E}.Debug|x64.ActiveCfg = Debug|x64
		{1C3D8B06-91FE-48D7-B75C-FF23D13FAF4E}.Debug|x64.Build.0 = Debug|x64
		{1C3D8B06-91FE-48D7-B75C-FF23D13FAF4E}.Debug|x86.ActiveCfg = Debug|Win32
		{1C3D8B06-91FE-48D7-B75C-FF23D13FAF4E}.Debug|x86.Build.0 = Debug|Win32
		{1C3D8B06-91FE-48D7-B75C-FF23D13FAF4E}.Release|x64.ActiveCfg = Release|x64
		{1C3D8B06-91FE-48D7-B75C-FF23D13FAF4E}.Release|x64.Build.0 = Release|x64
		{1C3D8B06-91FE-48D7-B75C-FF23D13FAF4E}.Release|x86.ActiveCfg = Release|Win32
		{1C3D8B06-91FE-48D7-B75C-FF23D13FAF4E}.Release|x86.Build.0 = Release|Win32
		{20577BFD-D8F5-4448-9B1C-173D0E195216}.Debug|x64.ActiveCfg = Debug|x64
		{20577BFD-D8F5-4448-9B1C-173D0E195216}.Debug|x64.Build.0 = Debug|x64
		{20577BFD-D8F5-4448-9B1C-173D0E195216}.Debug|x86.ActiveCfg = Debug|Win32
		{20577BFD-D8F5-4448-9B1C-173D0E195216}.Debug|x86.Build.0 = Debug|Win32
		{20577BFD-D8F5-4448-9B1C-173D0E195216}.Release|x64.ActiveCfg = Release|x64
		{20577BFD-D8F5-4448-9B1C-173D0E195216}.Release|x64.Build.0 = Release|x64
		{20577BFD-D8F5-4448-9B1C-173D0E195216}.Release|x86.ActiveCfg = Release|Win32
		{20577BFD-D8F5-4448-9B1C-173D0E195216}.Release|x86.Build.0 = Release|Win32
		{7D2D980D-6B89-40E4-A909-4097F20EDEA5}.Debug|x64.ActiveCfg = Debug|x64
		{7D2D980D-6B89-40E4-A909-4097F20EDEA5}.Debug|x64.Build.0 = Debug|x64
		{7D2D980D-6B89-40E4-A909-4097F20EDEA5}.Debug|x86.ActiveCfg = Debug|Win32
		{7D2D980D-6B89-40E4-A909-4097F20EDEA5}.Debug|x86.Build.0 = Debug|Win32
		{7D2D980D-6B89-40E4-A909-4097F20EDEA5}.Release|x64.ActiveCfg = Release|x64
		{7D2D980D-6B89-40E4-A909-4097F20EDEA5}.Release|x64.Build.0 = Release|x64
		{7D2D980D-6B89-40E4-A909-4097F20EDEA5}.Release|x86.ActiveCfg = Release|Win32
		{7D2D980D-6B89-40E4-A909-4097F20EDEA5}.Release|x86.Build.0 = Release|Win32
		{F2E1BB2F-5C4E-452E-8E5F-C2FF0A27DB49}.Debug|x64.ActiveCfg = Debug|x64
		{F2E1BB2F-5C4E-452E-8E5F-C2FF0A27DB49}.Debug|x64.Build.0 = Debug|x64
		{F2E1BB2F-5C4E-452E-8E5F-C2FF0A27DB49}.Debug|x86.ActiveCfg = Debug|Win32
		{F2E1BB2F-5C4E-452E-8E5F-C2FF0A27DB49}.Debug|x86.Build.0 = Debug|Win32
		{F2E1BB2F-5C4E-452E-8E5F-C2FF0A27DB49}.Release|x64.ActiveCfg = Release|x64
		{F2E1BB2F-5C4E-452E-8E5F-C2FF0A27DB49}.Release|x64.Build.0 = Release|x64
		{F2E1BB2F-5C4E-452E-8E5F-C2FF0A27DB49}.Release|x86.ActiveCfg = Release|Win32
		{F2E1BB2F-5C4E-452E-8E5F-C2FF0A27DB49}.Release|x86.Build.0 = Release|Win32
		{94256680-4F70-4A9A-B0FD-7CCA544A59B8}.Debug|x64.ActiveCfg = Debug|x64
		{94256680-4F70-4A9A-B0FD-7CCA544A59B8}.Debug|x64.Build.0 = Debug|x64
		{94256680-4F70-4A9A-B0FD-7CCA544A59B8}.Debug|x86.ActiveCfg = Debug|Win32
		{94256680-4F70-4A9A-B0FD-7CCA544A59B8}.Debug|x86.Build.0 = Debug|Win32
		{94256680-4F70-4A9A-B0FD-7CCA544A59B8}.Release|x64.ActiveCfg = Release|x64
		{94256680-4F70-4A9A-B0FD-7CCA544A59B8}.Release|x64.Build.0 = Release|x64
		{94256680-4F70-4A9A-B0FD-7CCA544A59B8}.Release|x86.ActiveCfg = Release|Win32
		{94256680-4F70-4A9A-B0FD-7CCA544A59B8}.Release|x86.Build.0 = Release|Win32
	EndGlobalSection
	GlobalSection(SolutionProperties) = preSolution
		HideSolutionNode = FALSE
	EndGlobalSection
	GlobalSection(ExtensibilityGlobals) = postSolution
		SolutionGuid = {5D2A69CA-B779-46B0-B215-602AD33C07BB}
	EndGlobalSection
EndGlobal
